PODS:
  - bluetooth_helper (0.0.1):
    - Flutter
  - Flutter (1.0.0)
  - flutter_phyp_ota (0.0.1):
    - Flutter

DEPENDENCIES:
  - bluetooth_helper (from `.symlinks/plugins/bluetooth_helper/ios`)
  - Flutter (from `Flutter`)
  - flutter_phyp_ota (from `.symlinks/plugins/flutter_phyp_ota/ios`)

EXTERNAL SOURCES:
  bluetooth_helper:
    :path: ".symlinks/plugins/bluetooth_helper/ios"
  Flutter:
    :path: Flutter
  flutter_phyp_ota:
    :path: ".symlinks/plugins/flutter_phyp_ota/ios"

SPEC CHECKSUMS:
  bluetooth_helper: 293887e9f0723aa943044f57abf077d6c0ca9e93
  Flutter: 0e3d915762c693b495b44d77113d4970485de6ec
  flutter_phyp_ota: 1c4f2e02b981843573cd2019b6ccc1bd962ef638

PODFILE CHECKSUM: 8e679eca47255a8ca8067c4c67aab20e64cb974d

COCOAPODS: 1.10.0.rc.1
